{
  "version": 4,
  "terraform_version": "1.4.2",
  "serial": 40,
  "lineage": "c9d2c57b-7e3c-f926-9957-85600c77396d",
  "outputs": {},
  "resources": [
    {
      "mode": "managed",
      "type": "local_file",
      "name": "file_block",
      "provider": "provider[\"registry.terraform.io/hashicorp/local\"]",
      "instances": [
        {
          "schema_version": 0,
          "attributes": {
            "content": "This is second local content",
            "content_base64": null,
            "content_base64sha256": "6HENnC4QyYkf8GgETjsIF26VRI5ww74MrVTD7ZGWIAw=",
            "content_base64sha512": "H3UlXgghigO0/AwdGijqv8OwHwMBK5EZYkIl7XNPQPbF5hoZfP8ThEoxMVYkN7kOHRVXvltRHXCvTABHCXgs2g==",
            "content_md5": "1ea05b0085ac8342453ab8079fe104ba",
            "content_sha1": "1f5b6a25fa5aa2fb9a5bb950636940dc1d3e171c",
            "content_sha256": "e8710d9c2e10c9891ff068044e3b08176e95448e70c3be0cad54c3ed9196200c",
            "content_sha512": "1f75255e08218a03b4fc0c1d1a28eabfc3b01f03012b9119624225ed734f40f6c5e61a197cff13844a3131562437b90e1d1557be5b511d70af4c004709782cda",
            "directory_permission": "0777",
            "file_permission": "0777",
            "filename": "p1.html",
            "id": "1f5b6a25fa5aa2fb9a5bb950636940dc1d3e171c",
            "sensitive_content": null,
            "source": null
          },
          "sensitive_attributes": []
        }
      ]
    },
    {
      "mode": "managed",
      "type": "local_file",
      "name": "file_block2",
      "provider": "provider[\"registry.terraform.io/hashicorp/local\"]",
      "instances": [
        {
          "schema_version": 0,
          "attributes": {
            "content": "This is local content",
            "content_base64": null,
            "content_base64sha256": "nAGDBSts4ayKSCdw87ZqTY+BifE2eFnGfF4bpAdZkRE=",
            "content_base64sha512": "vyc88andRNZNykePQbMYdqfBUfFAy+Cxm2GgpJ1nsxf85zkfhEUSHoKNvrUo738QR0N0e7vv0wj81xE3ot1rGg==",
            "content_md5": "7e6720107651f75a9f51ee836c970b2e",
            "content_sha1": "59e0471902521b3d7e93099390b4ec392c6c589d",
            "content_sha256": "9c0183052b6ce1ac8a482770f3b66a4d8f8189f1367859c67c5e1ba407599111",
            "content_sha512": "bf273cf1a9dd44d64dca478f41b31876a7c151f140cbe0b19b61a0a49d67b317fce7391f8445121e828dbeb528ef7f104743747bbbefd308fcd71137a2dd6b1a",
            "directory_permission": "0777",
            "file_permission": "0777",
            "filename": "p1.py",
            "id": "59e0471902521b3d7e93099390b4ec392c6c589d",
            "sensitive_content": null,
            "source": null
          },
          "sensitive_attributes": []
        }
      ]
    },
    {
      "mode": "managed",
      "type": "local_file",
      "name": "file_block3",
      "provider": "provider[\"registry.terraform.io/hashicorp/local\"]",
      "instances": [
        {
          "schema_version": 0,
          "attributes": {
            "content": "1e42045853579d10",
            "content_base64": null,
            "content_base64sha256": "IO1jdSIZygobTLrVnlysjHcAe6bTZPM5idbMtIj050c=",
            "content_base64sha512": "3Wq+ckJxopx481OnsFd7bU5OFydAaBkx+IKRa6fqnikfKzAzF+wgEdP2bPHtSere1KZpTUf1UvbZbrYfnGy0dw==",
            "content_md5": "ca21c3d64f9a6d3ddee74e74b79b78f7",
            "content_sha1": "ec5d1b065a64697ce5ef67c6956436028e4607dd",
            "content_sha256": "20ed63752219ca0a1b4cbad59e5cac8c77007ba6d364f33989d6ccb488f4e747",
            "content_sha512": "dd6abe724271a29c78f353a7b0577b6d4e4e172740681931f882916ba7ea9e291f2b303317ec2011d3f66cf1ed49eaded4a6694d47f552f6d96eb61f9c6cb477",
            "directory_permission": "0777",
            "file_permission": "0777",
            "filename": "p1.css",
            "id": "ec5d1b065a64697ce5ef67c6956436028e4607dd",
            "sensitive_content": null,
            "source": null
          },
          "sensitive_attributes": [],
          "dependencies": [
            "random_id.random_values"
          ]
        }
      ]
    },
    {
      "mode": "managed",
      "type": "local_file",
      "name": "file_block4",
      "provider": "provider[\"registry.terraform.io/hashicorp/local\"]",
      "instances": [
        {
          "schema_version": 0,
          "attributes": {
            "content": "This is local content",
            "content_base64": null,
            "content_base64sha256": "nAGDBSts4ayKSCdw87ZqTY+BifE2eFnGfF4bpAdZkRE=",
            "content_base64sha512": "vyc88andRNZNykePQbMYdqfBUfFAy+Cxm2GgpJ1nsxf85zkfhEUSHoKNvrUo738QR0N0e7vv0wj81xE3ot1rGg==",
            "content_md5": "7e6720107651f75a9f51ee836c970b2e",
            "content_sha1": "59e0471902521b3d7e93099390b4ec392c6c589d",
            "content_sha256": "9c0183052b6ce1ac8a482770f3b66a4d8f8189f1367859c67c5e1ba407599111",
            "content_sha512": "bf273cf1a9dd44d64dca478f41b31876a7c151f140cbe0b19b61a0a49d67b317fce7391f8445121e828dbeb528ef7f104743747bbbefd308fcd71137a2dd6b1a",
            "directory_permission": "0777",
            "file_permission": "0777",
            "filename": "p2.css",
            "id": "59e0471902521b3d7e93099390b4ec392c6c589d",
            "sensitive_content": null,
            "source": null
          },
          "sensitive_attributes": []
        }
      ]
    },
    {
      "mode": "managed",
      "type": "local_file",
      "name": "file_block5",
      "provider": "provider[\"registry.terraform.io/hashicorp/local\"]",
      "instances": [
        {
          "schema_version": 0,
          "attributes": {
            "content": "174369308947aacd",
            "content_base64": null,
            "content_base64sha256": "dpneRp/ocq706ANVs+9trmQRuiVz63Owk/q0AyCYUzw=",
            "content_base64sha512": "Y+3Fjlnu8N3HXkCtjHJfIgUtRHJgibyc7kyu3aJiDMI5/4Bj4IbIQYaEyQAFLTmZuPuMkZ2hvkBa8DvysTigeQ==",
            "content_md5": "7fb342a0b36242f719b8d6559508af6e",
            "content_sha1": "9bcd2a724fdd4975e498e5fea888c6fe30a71946",
            "content_sha256": "7699de469fe872aef4e80355b3ef6dae6411ba2573eb73b093fab4032098533c",
            "content_sha512": "63edc58e59eef0ddc75e40ad8c725f22052d44726089bc9cee4caedda2620cc239ff8063e086c8418684c900052d3999b8fb8c919da1be405af03bf2b138a079",
            "directory_permission": "0777",
            "file_permission": "0777",
            "filename": "styles.css",
            "id": "9bcd2a724fdd4975e498e5fea888c6fe30a71946",
            "sensitive_content": null,
            "source": null
          },
          "sensitive_attributes": [],
          "dependencies": [
            "random_id.random_values2"
          ]
        }
      ]
    },
    {
      "mode": "managed",
      "type": "random_id",
      "name": "random_values",
      "provider": "provider[\"registry.terraform.io/hashicorp/random\"]",
      "instances": [
        {
          "schema_version": 0,
          "attributes": {
            "b64_std": "HkIEWFNXnRA=",
            "b64_url": "HkIEWFNXnRA",
            "byte_length": 8,
            "dec": "2180309947002625296",
            "hex": "1e42045853579d10",
            "id": "HkIEWFNXnRA",
            "keepers": null,
            "prefix": null
          },
          "sensitive_attributes": []
        }
      ]
    },
    {
      "mode": "managed",
      "type": "random_id",
      "name": "random_values2",
      "provider": "provider[\"registry.terraform.io/hashicorp/random\"]",
      "instances": [
        {
          "schema_version": 0,
          "attributes": {
            "b64_std": "F0NpMIlHqs0=",
            "b64_url": "F0NpMIlHqs0",
            "byte_length": 8,
            "dec": "1676299143494478541",
            "hex": "174369308947aacd",
            "id": "F0NpMIlHqs0",
            "keepers": null,
            "prefix": null
          },
          "sensitive_attributes": []
        }
      ]
    }
  ],
  "check_results": null
}
